
Microsoft Visual Studio Solution File, Format Version 12.00
# Visual Studio Version 17
VisualStudioVersion = 17.9.34728.123
MinimumVisualStudioVersion = 10.0.40219.1
Project("{9A19103F-16F7-4668-BE54-9A1E7A4F7556}") = "AzureAIServiceTrialApi", "AzureAIServiceTrialApi\AzureAIServiceTrialApi.csproj", "{B9373B35-0B81-44FD-AE67-ECE978F3044F}"
EndProject
Project("{9A19103F-16F7-4668-BE54-9A1E7A4F7556}") = "ChatUiTrial", "ChatUiTrial\ChatUiTrial.csproj", "{1F711112-044A-415C-93EB-F2904EFAD561}"
EndProject
Global
	GlobalSection(SolutionConfigurationPlatforms) = preSolution
		Debug|Any CPU = Debug|Any CPU
		Release|Any CPU = Release|Any CPU
	EndGlobalSection
	GlobalSection(ProjectConfigurationPlatforms) = postSolution
		{B9373B35-0B81-44FD-AE67-ECE978F3044F}.Debug|Any CPU.ActiveCfg = Debug|Any CPU
		{B9373B35-0B81-44FD-AE67-ECE978F3044F}.Debug|Any CPU.Build.0 = Debug|Any CPU
		{B9373B35-0B81-44FD-AE67-ECE978F3044F}.Release|Any CPU.ActiveCfg = Release|Any CPU
		{B9373B35-0B81-44FD-AE67-ECE978F3044F}.Release|Any CPU.Build.0 = Release|Any CPU
		{1F711112-044A-415C-93EB-F2904EFAD561}.Debug|Any CPU.ActiveCfg = Debug|Any CPU
		{1F711112-044A-415C-93EB-F2904EFAD561}.Debug|Any CPU.Build.0 = Debug|Any CPU
		{1F711112-044A-415C-93EB-F2904EFAD561}.Release|Any CPU.ActiveCfg = Release|Any CPU
		{1F711112-044A-415C-93EB-F2904EFAD561}.Release|Any CPU.Build.0 = Release|Any CPU
	EndGlobalSection
	GlobalSection(SolutionProperties) = preSolution
		HideSolutionNode = FALSE
	EndGlobalSection
	GlobalSection(ExtensibilityGlobals) = postSolution
		SolutionGuid = {3C93A616-07A0-4458-A210-32AAABE8B953}
	EndGlobalSection
EndGlobal
